Microsoft Visual Studio Solution File, Format Version 12.00
# Visual Studio Version 17
VisualStudioVersion = 17.5.2.0
MinimumVisualStudioVersion = 10.0.40219.1
Project("{FAE04EC0-301F-11D3-BF4B-00C04F79EFBC}") = "AkkaDemo", "AkkaDemo\AkkaDemo.csproj", "{C36E09D6-603F-A34F-450B-5359F26815CF}"
EndProject
Global
	GlobalSection(SolutionConfigurationPlatforms) = preSolution
		Debug|Any CPU = Debug|Any CPU
		Release|Any CPU = Release|Any CPU
	EndGlobalSection
	GlobalSection(ProjectConfigurationPlatforms) = postSolution
		{C36E09D6-603F-A34F-450B-5359F26815CF}.Debug|Any CPU.ActiveCfg = Debug|Any CPU
		{C36E09D6-603F-A34F-450B-5359F26815CF}.Debug|Any CPU.Build.0 = Debug|Any CPU
		{C36E09D6-603F-A34F-450B-5359F26815CF}.Release|Any CPU.ActiveCfg = Release|Any CPU
		{C36E09D6-603F-A34F-450B-5359F26815CF}.Release|Any CPU.Build.0 = Release|Any CPU
	EndGlobalSection
	GlobalSection(SolutionProperties) = preSolution
		HideSolutionNode = FALSE
	EndGlobalSection
	GlobalSection(ExtensibilityGlobals) = postSolution
		SolutionGuid = {1A8B786C-A732-4D89-9802-64C11005B149}
	EndGlobalSection
EndGlobal
